
Microsoft Visual Studio Solution File, Format Version 12.00
# Visual Studio Version 16
VisualStudioVersion = 16.0.31729.503
MinimumVisualStudioVersion = 10.0.40219.1
Project("{FAE04EC0-301F-11D3-BF4B-00C04F79EFBC}") = "Carrie", "Carrie\Carrie.csproj", "{F39FB424-9942-411A-B167-DDE8951BE84D}"
EndProject
Global
	GlobalSection(SolutionConfigurationPlatforms) = preSolution
		Debug|Any CPU = Debug|Any CPU
		Release|Any CPU = Release|Any CPU
	EndGlobalSection
	GlobalSection(ProjectConfigurationPlatforms) = postSolution
		{F39FB424-9942-411A-B167-DDE8951BE84D}.Debug|Any CPU.ActiveCfg = Debug|Any CPU
		{F39FB424-9942-411A-B167-DDE8951BE84D}.Debug|Any CPU.Build.0 = Debug|Any CPU
		{F39FB424-9942-411A-B167-DDE8951BE84D}.Release|Any CPU.ActiveCfg = Release|Any CPU
		{F39FB424-9942-411A-B167-DDE8951BE84D}.Release|Any CPU.Build.0 = Release|Any CPU
	EndGlobalSection
	GlobalSection(SolutionProperties) = preSolution
		HideSolutionNode = FALSE
	EndGlobalSection
	GlobalSection(ExtensibilityGlobals) = postSolution
		SolutionGuid = {3E2E0E6E-E9A6-44F1-BA63-CF8E6DE23631}
	EndGlobalSection
EndGlobal
